
Microsoft Visual Studio Solution File, Format Version 12.00
# Visual Studio Version 16
VisualStudioVersion = 16.0.32126.315
MinimumVisualStudioVersion = 10.0.40219.1
Project("{8BC9CEB8-8B4A-11D0-8D11-00A0C91BC942}") = "OOP_HW5_1", "OOP_HW5_1\OOP_HW5_1.vcxproj", "{858A43B0-4EDE-4ECE-B056-E97AB65249C4}"
EndProject
Global
	GlobalSection(SolutionConfigurationPlatforms) = preSolution
		Debug|x64 = Debug|x64
		Debug|x86 = Debug|x86
		Release|x64 = Release|x64
		Release|x86 = Release|x86
	EndGlobalSection
	GlobalSection(ProjectConfigurationPlatforms) = postSolution
		{858A43B0-4EDE-4ECE-B056-E97AB65249C4}.Debug|x64.ActiveCfg = Debug|x64
		{858A43B0-4EDE-4ECE-B056-E97AB65249C4}.Debug|x64.Build.0 = Debug|x64
		{858A43B0-4EDE-4ECE-B056-E97AB65249C4}.Debug|x86.ActiveCfg = Debug|Win32
		{858A43B0-4EDE-4ECE-B056-E97AB65249C4}.Debug|x86.Build.0 = Debug|Win32
		{858A43B0-4EDE-4ECE-B056-E97AB65249C4}.Release|x64.ActiveCfg = Release|x64
		{858A43B0-4EDE-4ECE-B056-E97AB65249C4}.Release|x64.Build.0 = Release|x64
		{858A43B0-4EDE-4ECE-B056-E97AB65249C4}.Release|x86.ActiveCfg = Release|Win32
		{858A43B0-4EDE-4ECE-B056-E97AB65249C4}.Release|x86.Build.0 = Release|Win32
	EndGlobalSection
	GlobalSection(SolutionProperties) = preSolution
		HideSolutionNode = FALSE
	EndGlobalSection
	GlobalSection(ExtensibilityGlobals) = postSolution
		SolutionGuid = {0E9CD32A-2EC2-472D-A9D3-3C2338955211}
	EndGlobalSection
EndGlobal
